
Microsoft Visual Studio Solution File, Format Version 12.00
# Visual Studio 14
VisualStudioVersion = 14.0.25420.1
MinimumVisualStudioVersion = 10.0.40219.1
Project("{FAE04EC0-301F-11D3-BF4B-00C04F79EFBC}") = "KucnaKolekcijaKnjiga-VegaIT.Model", "KucnaKolekcijaKnjiga-VegaIT.Model\KucnaKolekcijaKnjiga-VegaIT.Model.csproj", "{4163A398-DF05-4757-9BFA-227D6604036F}"
EndProject
Project("{FAE04EC0-301F-11D3-BF4B-00C04F79EFBC}") = "KucnaKolekcijaKnjiga-VegaIT.Repositories", "KucnaKolekcijaKnjiga-VegaIT.Repositories\KucnaKolekcijaKnjiga-VegaIT.Repositories.csproj", "{1E9C51A3-E301-4DE8-991F-8138E8CF6635}"
EndProject
Project("{FAE04EC0-301F-11D3-BF4B-00C04F79EFBC}") = "KucnaKolekcijaKnjiga-VegaIT.Service", "KucnaKolekcijaKnjiga-VegaIT.Service\KucnaKolekcijaKnjiga-VegaIT.Service.csproj", "{AB8277E3-2470-4A8C-A5D2-DE3BD085D9EF}"
EndProject
Project("{FAE04EC0-301F-11D3-BF4B-00C04F79EFBC}") = "KucnaKolekcijaKnjiga-VegaIT.Web", "KucnaKolekcijaKnjiga-VegaIT.Web\KucnaKolekcijaKnjiga-VegaIT.Web.csproj", "{C8303B38-72B4-4EFC-B2C5-84987F259CF3}"
EndProject
Global
	GlobalSection(SolutionConfigurationPlatforms) = preSolution
		Debug|Any CPU = Debug|Any CPU
		Release|Any CPU = Release|Any CPU
	EndGlobalSection
	GlobalSection(ProjectConfigurationPlatforms) = postSolution
		{4163A398-DF05-4757-9BFA-227D6604036F}.Debug|Any CPU.ActiveCfg = Debug|Any CPU
		{4163A398-DF05-4757-9BFA-227D6604036F}.Debug|Any CPU.Build.0 = Debug|Any CPU
		{4163A398-DF05-4757-9BFA-227D6604036F}.Release|Any CPU.ActiveCfg = Release|Any CPU
		{4163A398-DF05-4757-9BFA-227D6604036F}.Release|Any CPU.Build.0 = Release|Any CPU
		{1E9C51A3-E301-4DE8-991F-8138E8CF6635}.Debug|Any CPU.ActiveCfg = Debug|Any CPU
		{1E9C51A3-E301-4DE8-991F-8138E8CF6635}.Debug|Any CPU.Build.0 = Debug|Any CPU
		{1E9C51A3-E301-4DE8-991F-8138E8CF6635}.Release|Any CPU.ActiveCfg = Release|Any CPU
		{1E9C51A3-E301-4DE8-991F-8138E8CF6635}.Release|Any CPU.Build.0 = Release|Any CPU
		{AB8277E3-2470-4A8C-A5D2-DE3BD085D9EF}.Debug|Any CPU.ActiveCfg = Debug|Any CPU
		{AB8277E3-2470-4A8C-A5D2-DE3BD085D9EF}.Debug|Any CPU.Build.0 = Debug|Any CPU
		{AB8277E3-2470-4A8C-A5D2-DE3BD085D9EF}.Release|Any CPU.ActiveCfg = Release|Any CPU
		{AB8277E3-2470-4A8C-A5D2-DE3BD085D9EF}.Release|Any CPU.Build.0 = Release|Any CPU
		{C8303B38-72B4-4EFC-B2C5-84987F259CF3}.Debug|Any CPU.ActiveCfg = Debug|Any CPU
		{C8303B38-72B4-4EFC-B2C5-84987F259CF3}.Debug|Any CPU.Build.0 = Debug|Any CPU
		{C8303B38-72B4-4EFC-B2C5-84987F259CF3}.Release|Any CPU.ActiveCfg = Release|Any CPU
		{C8303B38-72B4-4EFC-B2C5-84987F259CF3}.Release|Any CPU.Build.0 = Release|Any CPU
	EndGlobalSection
	GlobalSection(SolutionProperties) = preSolution
		HideSolutionNode = FALSE
	EndGlobalSection
EndGlobal
